// !$*UTF8*$!
{
	archiveVersion = 1;
	classes = {
	};
	objectVersion = 55;
	objects = {

/* Begin PBXBuildFile section */
		7D34C8982824FB8B00FEC1D0 /* CollectionViewTableViewCell.swift in Sources */ = {isa = PBXBuildFile; fileRef = 7D34C8972824FB8B00FEC1D0 /* CollectionViewTableViewCell.swift */; };
		7D43FBDE281FCD0200A895BA /* AppDelegate.swift in Sources */ = {isa = PBXBuildFile; fileRef = 7D43FBDD281FCD0200A895BA /* AppDelegate.swift */; };
		7D43FBE0281FCD0200A895BA /* SceneDelegate.swift in Sources */ = {isa = PBXBuildFile; fileRef = 7D43FBDF281FCD0200A895BA /* SceneDelegate.swift */; };
		7D43FBE7281FCD0500A895BA /* Assets.xcassets in Resources */ = {isa = PBXBuildFile; fileRef = 7D43FBE6281FCD0500A895BA /* Assets.xcassets */; };
		7D43FBEA281FCD0500A895BA /* LaunchScreen.storyboard in Resources */ = {isa = PBXBuildFile; fileRef = 7D43FBE8281FCD0500A895BA /* LaunchScreen.storyboard */; };
		7D43FBF4281FCEDE00A895BA /* MainTabBarVC.swift in Sources */ = {isa = PBXBuildFile; fileRef = 7D43FBF3281FCEDE00A895BA /* MainTabBarVC.swift */; };
		7D43FBF7281FCF4700A895BA /* HomeVC.swift in Sources */ = {isa = PBXBuildFile; fileRef = 7D43FBF6281FCF4700A895BA /* HomeVC.swift */; };
		7D43FBF9281FCF9900A895BA /* UpcomingVC.swift in Sources */ = {isa = PBXBuildFile; fileRef = 7D43FBF8281FCF9900A895BA /* UpcomingVC.swift */; };
		7D43FBFB281FCFA900A895BA /* SearchVC.swift in Sources */ = {isa = PBXBuildFile; fileRef = 7D43FBFA281FCFA900A895BA /* SearchVC.swift */; };
		7D43FBFD281FCFC300A895BA /* DownloadsVC.swift in Sources */ = {isa = PBXBuildFile; fileRef = 7D43FBFC281FCFC300A895BA /* DownloadsVC.swift */; };
		7DC387B4282BB10500B3638C /* HeroHeaderUIView.swift in Sources */ = {isa = PBXBuildFile; fileRef = 7DC387B3282BB10500B3638C /* HeroHeaderUIView.swift */; };
/* End PBXBuildFile section */

/* Begin PBXFileReference section */
		7D34C8972824FB8B00FEC1D0 /* CollectionViewTableViewCell.swift */ = {isa = PBXFileReference; lastKnownFileType = sourcecode.swift; path = CollectionViewTableViewCell.swift; sourceTree = "<group>"; };
		7D43FBDA281FCD0200A895BA /* Netflix Clone.app */ = {isa = PBXFileReference; explicitFileType = wrapper.application; includeInIndex = 0; path = "Netflix Clone.app"; sourceTree = BUILT_PRODUCTS_DIR; };
		7D43FBDD281FCD0200A895BA /* AppDelegate.swift */ = {isa = PBXFileReference; lastKnownFileType = sourcecode.swift; path = AppDelegate.swift; sourceTree = "<group>"; };
		7D43FBDF281FCD0200A895BA /* SceneDelegate.swift */ = {isa = PBXFileReference; lastKnownFileType = sourcecode.swift; path = SceneDelegate.swift; sourceTree = "<group>"; };
		7D43FBE6281FCD0500A895BA /* Assets.xcassets */ = {isa = PBXFileReference; lastKnownFileType = folder.assetcatalog; path = Assets.xcassets; sourceTree = "<group>"; };
		7D43FBE9281FCD0500A895BA /* Base */ = {isa = PBXFileReference; lastKnownFileType = file.storyboard; name = Base; path = Base.lproj/LaunchScreen.storyboard; sourceTree = "<group>"; };
		7D43FBEB281FCD0500A895BA /* Info.plist */ = {isa = PBXFileReference; lastKnownFileType = text.plist.xml; path = Info.plist; sourceTree = "<group>"; };
		7D43FBF3281FCEDE00A895BA /* MainTabBarVC.swift */ = {isa = PBXFileReference; lastKnownFileType = sourcecode.swift; path = MainTabBarVC.swift; sourceTree = "<group>"; };
		7D43FBF6281FCF4700A895BA /* HomeVC.swift */ = {isa = PBXFileReference; lastKnownFileType = sourcecode.swift; path = HomeVC.swift; sourceTree = "<group>"; };
		7D43FBF8281FCF9900A895BA /* UpcomingVC.swift */ = {isa = PBXFileReference; lastKnownFileType = sourcecode.swift; path = UpcomingVC.swift; sourceTree = "<group>"; };
		7D43FBFA281FCFA900A895BA /* SearchVC.swift */ = {isa = PBXFileReference; lastKnownFileType = sourcecode.swift; path = SearchVC.swift; sourceTree = "<group>"; };
		7D43FBFC281FCFC300A895BA /* DownloadsVC.swift */ = {isa = PBXFileReference; lastKnownFileType = sourcecode.swift; path = DownloadsVC.swift; sourceTree = "<group>"; };
		7DC387B3282BB10500B3638C /* HeroHeaderUIView.swift */ = {isa = PBXFileReference; lastKnownFileType = sourcecode.swift; path = HeroHeaderUIView.swift; sourceTree = "<group>"; };
/* End PBXFileReference section */

/* Begin PBXFrameworksBuildPhase section */
		7D43FBD7281FCD0200A895BA /* Frameworks */ = {
			isa = PBXFrameworksBuildPhase;
			buildActionMask = 2147483647;
			files = (
			);
			runOnlyForDeploymentPostprocessing = 0;
		};
/* End PBXFrameworksBuildPhase section */

/* Begin PBXGroup section */
		7D34C8922824FA5F00FEC1D0 /* ViewModels */ = {
			isa = PBXGroup;
			children = (
			);
			path = ViewModels;
			sourceTree = "<group>";
		};
		7D34C8932824FA6B00FEC1D0 /* Views */ = {
			isa = PBXGroup;
			children = (
				7D34C8972824FB8B00FEC1D0 /* CollectionViewTableViewCell.swift */,
				7DC387B3282BB10500B3638C /* HeroHeaderUIView.swift */,
			);
			path = Views;
			sourceTree = "<group>";
		};
		7D34C8942824FA7200FEC1D0 /* Models */ = {
			isa = PBXGroup;
			children = (
			);
			path = Models;
			sourceTree = "<group>";
		};
		7D34C8952824FB1A00FEC1D0 /* Resources */ = {
			isa = PBXGroup;
			children = (
			);
			path = Resources;
			sourceTree = "<group>";
		};
		7D34C8962824FB2200FEC1D0 /* Managers */ = {
			isa = PBXGroup;
			children = (
			);
			path = Managers;
			sourceTree = "<group>";
		};
		7D43FBD1281FCD0200A895BA = {
			isa = PBXGroup;
			children = (
				7D43FBDC281FCD0200A895BA /* Netflix Clone */,
				7D43FBDB281FCD0200A895BA /* Products */,
			);
			sourceTree = "<group>";
		};
		7D43FBDB281FCD0200A895BA /* Products */ = {
			isa = PBXGroup;
			children = (
				7D43FBDA281FCD0200A895BA /* Netflix Clone.app */,
			);
			name = Products;
			sourceTree = "<group>";
		};
		7D43FBDC281FCD0200A895BA /* Netflix Clone */ = {
			isa = PBXGroup;
			children = (
				7D34C8962824FB2200FEC1D0 /* Managers */,
				7D34C8952824FB1A00FEC1D0 /* Resources */,
				7D34C8942824FA7200FEC1D0 /* Models */,
				7D34C8932824FA6B00FEC1D0 /* Views */,
				7D34C8922824FA5F00FEC1D0 /* ViewModels */,
				7D43FBF5281FCF2F00A895BA /* Controllers */,
				7D43FBDD281FCD0200A895BA /* AppDelegate.swift */,
				7D43FBDF281FCD0200A895BA /* SceneDelegate.swift */,
				7D43FBF3281FCEDE00A895BA /* MainTabBarVC.swift */,
				7D43FBE6281FCD0500A895BA /* Assets.xcassets */,
				7D43FBE8281FCD0500A895BA /* LaunchScreen.storyboard */,
				7D43FBEB281FCD0500A895BA /* Info.plist */,
			);
			path = "Netflix Clone";
			sourceTree = "<group>";
		};
		7D43FBF5281FCF2F00A895BA /* Controllers */ = {
			isa = PBXGroup;
			children = (
				7D43FBF6281FCF4700A895BA /* HomeVC.swift */,
				7D43FBF8281FCF9900A895BA /* UpcomingVC.swift */,
				7D43FBFA281FCFA900A895BA /* SearchVC.swift */,
				7D43FBFC281FCFC300A895BA /* DownloadsVC.swift */,
			);
			path = Controllers;
			sourceTree = "<group>";
		};
/* End PBXGroup section */

/* Begin PBXNativeTarget section */
		7D43FBD9281FCD0200A895BA /* Netflix Clone */ = {
			isa = PBXNativeTarget;
			buildConfigurationList = 7D43FBEE281FCD0500A895BA /* Build configuration list for PBXNativeTarget "Netflix Clone" */;
			buildPhases = (
				7D43FBD6281FCD0200A895BA /* Sources */,
				7D43FBD7281FCD0200A895BA /* Frameworks */,
				7D43FBD8281FCD0200A895BA /* Resources */,
			);
			buildRules = (
			);
			dependencies = (
			);
			name = "Netflix Clone";
			productName = "Netflix Clone";
			productReference = 7D43FBDA281FCD0200A895BA /* Netflix Clone.app */;
			productType = "com.apple.product-type.application";
		};
/* End PBXNativeTarget section */

/* Begin PBXProject section */
		7D43FBD2281FCD0200A895BA /* Project object */ = {
			isa = PBXProject;
			attributes = {
				BuildIndependentTargetsInParallel = 1;
				LastSwiftUpdateCheck = 1330;
				LastUpgradeCheck = 1330;
				TargetAttributes = {
					7D43FBD9281FCD0200A895BA = {
						CreatedOnToolsVersion = 13.3.1;
					};
				};
			};
			buildConfigurationList = 7D43FBD5281FCD0200A895BA /* Build configuration list for PBXProject "Netflix Clone" */;
			compatibilityVersion = "Xcode 13.0";
			developmentRegion = en;
			hasScannedForEncodings = 0;
			knownRegions = (
				en,
				Base,
			);
			mainGroup = 7D43FBD1281FCD0200A895BA;
			productRefGroup = 7D43FBDB281FCD0200A895BA /* Products */;
			projectDirPath = "";
			projectRoot = "";
			targets = (
				7D43FBD9281FCD0200A895BA /* Netflix Clone */,
			);
		};
/* End PBXProject section */

/* Begin PBXResourcesBuildPhase section */
		7D43FBD8281FCD0200A895BA /* Resources */ = {
			isa = PBXResourcesBuildPhase;
			buildActionMask = 2147483647;
			files = (
				7D43FBEA281FCD0500A895BA /* LaunchScreen.storyboard in Resources */,
				7D43FBE7281FCD0500A895BA /* Assets.xcassets in Resources */,
			);
			runOnlyForDeploymentPostprocessing = 0;
		};
/* End PBXResourcesBuildPhase section */

/* Begin PBXSourcesBuildPhase section */
		7D43FBD6281FCD0200A895BA /* Sources */ = {
			isa = PBXSourcesBuildPhase;
			buildActionMask = 2147483647;
			files = (
				7D43FBFB281FCFA900A895BA /* SearchVC.swift in Sources */,
				7D43FBDE281FCD0200A895BA /* AppDelegate.swift in Sources */,
				7D34C8982824FB8B00FEC1D0 /* CollectionViewTableViewCell.swift in Sources */,
				7DC387B4282BB10500B3638C /* HeroHeaderUIView.swift in Sources */,
				7D43FBF7281FCF4700A895BA /* HomeVC.swift in Sources */,
				7D43FBF4281FCEDE00A895BA /* MainTabBarVC.swift in Sources */,
				7D43FBFD281FCFC300A895BA /* DownloadsVC.swift in Sources */,
				7D43FBF9281FCF9900A895BA /* UpcomingVC.swift in Sources */,
				7D43FBE0281FCD0200A895BA /* SceneDelegate.swift in Sources */,
			);
			runOnlyForDeploymentPostprocessing = 0;
		};
/* End PBXSourcesBuildPhase section */

/* Begin PBXVariantGroup section */
		7D43FBE8281FCD0500A895BA /* LaunchScreen.storyboard */ = {
			isa = PBXVariantGroup;
			children = (
				7D43FBE9281FCD0500A895BA /* Base */,
			);
			name = LaunchScreen.storyboard;
			sourceTree = "<group>";
		};
/* End PBXVariantGroup section */

/* Begin XCBuildConfiguration section */
		7D43FBEC281FCD0500A895BA /* Debug */ = {
			isa = XCBuildConfiguration;
			buildSettings = {
				ALWAYS_SEARCH_USER_PATHS = NO;
				CLANG_ANALYZER_NONNULL = YES;
				CLANG_ANALYZER_NUMBER_OBJECT_CONVERSION = YES_AGGRESSIVE;
				CLANG_CXX_LANGUAGE_STANDARD = "gnu++17";
				CLANG_ENABLE_MODULES = YES;
				CLANG_ENABLE_OBJC_ARC = YES;
				CLANG_ENABLE_OBJC_WEAK = YES;
				CLANG_WARN_BLOCK_CAPTURE_AUTORELEASING = YES;
				CLANG_WARN_BOOL_CONVERSION = YES;
				CLANG_WARN_COMMA = YES;
				CLANG_WARN_CONSTANT_CONVERSION = YES;
				CLANG_WARN_DEPRECATED_OBJC_IMPLEMENTATIONS = YES;
				CLANG_WARN_DIRECT_OBJC_ISA_USAGE = YES_ERROR;
				CLANG_WARN_DOCUMENTATION_COMMENTS = YES;
				CLANG_WARN_EMPTY_BODY = YES;
				CLANG_WARN_ENUM_CONVERSION = YES;
				CLANG_WARN_INFINITE_RECURSION = YES;
				CLANG_WARN_INT_CONVERSION = YES;
				CLANG_WARN_NON_LITERAL_NULL_CONVERSION = YES;
				CLANG_WARN_OBJC_IMPLICIT_RETAIN_SELF = YES;
				CLANG_WARN_OBJC_LITERAL_CONVERSION = YES;
				CLANG_WARN_OBJC_ROOT_CLASS = YES_ERROR;
				CLANG_WARN_QUOTED_INCLUDE_IN_FRAMEWORK_HEADER = YES;
				CLANG_WARN_RANGE_LOOP_ANALYSIS = YES;
				CLANG_WARN_STRICT_PROTOTYPES = YES;
				CLANG_WARN_SUSPICIOUS_MOVE = YES;
				CLANG_WARN_UNGUARDED_AVAILABILITY = YES_AGGRESSIVE;
				CLANG_WARN_UNREACHABLE_CODE = YES;
				CLANG_WARN__DUPLICATE_METHOD_MATCH = YES;
				COPY_PHASE_STRIP = NO;
				DEBUG_INFORMATION_FORMAT = dwarf;
				ENABLE_STRICT_OBJC_MSGSEND = YES;
				ENABLE_TESTABILITY = YES;
				GCC_C_LANGUAGE_STANDARD = gnu11;
				GCC_DYNAMIC_NO_PIC = NO;
				GCC_NO_COMMON_BLOCKS = YES;
				GCC_OPTIMIZATION_LEVEL = 0;
				GCC_PREPROCESSOR_DEFINITIONS = (
					"DEBUG=1",
					"$(inherited)",
				);
				GCC_WARN_64_TO_32_BIT_CONVERSION = YES;
				GCC_WARN_ABOUT_RETURN_TYPE = YES_ERROR;
				GCC_WARN_UNDECLARED_SELECTOR = YES;
				GCC_WARN_UNINITIALIZED_AUTOS = YES_AGGRESSIVE;
				GCC_WARN_UNUSED_FUNCTION = YES;
				GCC_WARN_UNUSED_VARIABLE = YES;
				IPHONEOS_DEPLOYMENT_TARGET = 15.4;
				MTL_ENABLE_DEBUG_INFO = INCLUDE_SOURCE;
				MTL_FAST_MATH = YES;
				ONLY_ACTIVE_ARCH = YES;
				SDKROOT = iphoneos;
				SWIFT_ACTIVE_COMPILATION_CONDITIONS = DEBUG;
				SWIFT_OPTIMIZATION_LEVEL = "-Onone";
			};
			name = Debug;
		};
		7D43FBED281FCD0500A895BA /* Release */ = {
			isa = XCBuildConfiguration;
			buildSettings = {
				ALWAYS_SEARCH_USER_PATHS = NO;
				CLANG_ANALYZER_NONNULL = YES;
				CLANG_ANALYZER_NUMBER_OBJECT_CONVERSION = YES_AGGRESSIVE;
				CLANG_CXX_LANGUAGE_STANDARD = "gnu++17";
				CLANG_ENABLE_MODULES = YES;
				CLANG_ENABLE_OBJC_ARC = YES;
				CLANG_ENABLE_OBJC_WEAK = YES;
				CLANG_WARN_BLOCK_CAPTURE_AUTORELEASING = YES;
				CLANG_WARN_BOOL_CONVERSION = YES;
				CLANG_WARN_COMMA = YES;
				CLANG_WARN_CONSTANT_CONVERSION = YES;
				CLANG_WARN_DEPRECATED_OBJC_IMPLEMENTATIONS = YES;
				CLANG_WARN_DIRECT_OBJC_ISA_USAGE = YES_ERROR;
				CLANG_WARN_DOCUMENTATION_COMMENTS = YES;
				CLANG_WARN_EMPTY_BODY = YES;
				CLANG_WARN_ENUM_CONVERSION = YES;
				CLANG_WARN_INFINITE_RECURSION = YES;
				CLANG_WARN_INT_CONVERSION = YES;
				CLANG_WARN_NON_LITERAL_NULL_CONVERSION = YES;
				CLANG_WARN_OBJC_IMPLICIT_RETAIN_SELF = YES;
				CLANG_WARN_OBJC_LITERAL_CONVERSION = YES;
				CLANG_WARN_OBJC_ROOT_CLASS = YES_ERROR;
				CLANG_WARN_QUOTED_INCLUDE_IN_FRAMEWORK_HEADER = YES;
				CLANG_WARN_RANGE_LOOP_ANALYSIS = YES;
				CLANG_WARN_STRICT_PROTOTYPES = YES;
				CLANG_WARN_SUSPICIOUS_MOVE = YES;
				CLANG_WARN_UNGUARDED_AVAILABILITY = YES_AGGRESSIVE;
				CLANG_WARN_UNREACHABLE_CODE = YES;
				CLANG_WARN__DUPLICATE_METHOD_MATCH = YES;
				COPY_PHASE_STRIP = NO;
				DEBUG_INFORMATION_FORMAT = "dwarf-with-dsym";
				ENABLE_NS_ASSERTIONS = NO;
				ENABLE_STRICT_OBJC_MSGSEND = YES;
				GCC_C_LANGUAGE_STANDARD = gnu11;
				GCC_NO_COMMON_BLOCKS = YES;
				GCC_WARN_64_TO_32_BIT_CONVERSION = YES;
				GCC_WARN_ABOUT_RETURN_TYPE = YES_ERROR;
				GCC_WARN_UNDECLARED_SELECTOR = YES;
				GCC_WARN_UNINITIALIZED_AUTOS = YES_AGGRESSIVE;
				GCC_WARN_UNUSED_FUNCTION = YES;
				GCC_WARN_UNUSED_VARIABLE = YES;
				IPHONEOS_DEPLOYMENT_TARGET = 15.4;
				MTL_ENABLE_DEBUG_INFO = NO;
				MTL_FAST_MATH = YES;
				SDKROOT = iphoneos;
				SWIFT_COMPILATION_MODE = wholemodule;
				SWIFT_OPTIMIZATION_LEVEL = "-O";
				VALIDATE_PRODUCT = YES;
			};
			name = Release;
		};
		7D43FBEF281FCD0500A895BA /* Debug */ = {
			isa = XCBuildConfiguration;
			buildSettings = {
				ASSETCATALOG_COMPILER_APPICON_NAME = AppIcon;
				ASSETCATALOG_COMPILER_GLOBAL_ACCENT_COLOR_NAME = AccentColor;
				CODE_SIGN_STYLE = Automatic;
				CURRENT_PROJECT_VERSION = 1;
				DEVELOPMENT_TEAM = 7T958D2979;
				GENERATE_INFOPLIST_FILE = YES;
				INFOPLIST_FILE = "Netflix Clone/Info.plist";
				INFOPLIST_KEY_UIApplicationSupportsIndirectInputEvents = YES;
				INFOPLIST_KEY_UILaunchStoryboardName = LaunchScreen;
				INFOPLIST_KEY_UISupportedInterfaceOrientations_iPad = "UIInterfaceOrientationPortrait UIInterfaceOrientationPortraitUpsideDown UIInterfaceOrientationLandscapeLeft UIInterfaceOrientationLandscapeRight";
				INFOPLIST_KEY_UISupportedInterfaceOrientations_iPhone = "UIInterfaceOrientationPortrait UIInterfaceOrientationLandscapeLeft UIInterfaceOrientationLandscapeRight";
				LD_RUNPATH_SEARCH_PATHS = (
					"$(inherited)",
					"@executable_path/Frameworks",
				);
				MARKETING_VERSION = 1.0;
				PRODUCT_BUNDLE_IDENTIFIER = "com.sohel.Netflix-Clone";
				PRODUCT_NAME = "$(TARGET_NAME)";
				SWIFT_EMIT_LOC_STRINGS = YES;
				SWIFT_VERSION = 5.0;
				TARGETED_DEVICE_FAMILY = "1,2";
			};
			name = Debug;
		};
		7D43FBF0281FCD0500A895BA /* Release */ = {
			isa = XCBuildConfiguration;
			buildSettings = {
				ASSETCATALOG_COMPILER_APPICON_NAME = AppIcon;
				ASSETCATALOG_COMPILER_GLOBAL_ACCENT_COLOR_NAME = AccentColor;
				CODE_SIGN_STYLE = Automatic;
				CURRENT_PROJECT_VERSION = 1;
				DEVELOPMENT_TEAM = 7T958D2979;
				GENERATE_INFOPLIST_FILE = YES;
				INFOPLIST_FILE = "Netflix Clone/Info.plist";
				INFOPLIST_KEY_UIApplicationSupportsIndirectInputEvents = YES;
				INFOPLIST_KEY_UILaunchStoryboardName = LaunchScreen;
				INFOPLIST_KEY_UISupportedInterfaceOrientations_iPad = "UIInterfaceOrientationPortrait UIInterfaceOrientationPortraitUpsideDown UIInterfaceOrientationLandscapeLeft UIInterfaceOrientationLandscapeRight";
				INFOPLIST_KEY_UISupportedInterfaceOrientations_iPhone = "UIInterfaceOrientationPortrait UIInterfaceOrientationLandscapeLeft UIInterfaceOrientationLandscapeRight";
				LD_RUNPATH_SEARCH_PATHS = (
					"$(inherited)",
					"@executable_path/Frameworks",
				);
				MARKETING_VERSION = 1.0;
				PRODUCT_BUNDLE_IDENTIFIER = "com.sohel.Netflix-Clone";
				PRODUCT_NAME = "$(TARGET_NAME)";
				SWIFT_EMIT_LOC_STRINGS = YES;
				SWIFT_VERSION = 5.0;
				TARGETED_DEVICE_FAMILY = "1,2";
			};
			name = Release;
		};
/* End XCBuildConfiguration section */

/* Begin XCConfigurationList section */
		7D43FBD5281FCD0200A895BA /* Build configuration list for PBXProject "Netflix Clone" */ = {
			isa = XCConfigurationList;
			buildConfigurations = (
				7D43FBEC281FCD0500A895BA /* Debug */,
				7D43FBED281FCD0500A895BA /* Release */,
			);
			defaultConfigurationIsVisible = 0;
			defaultConfigurationName = Release;
		};
		7D43FBEE281FCD0500A895BA /* Build configuration list for PBXNativeTarget "Netflix Clone" */ = {
			isa = XCConfigurationList;
			buildConfigurations = (
				7D43FBEF281FCD0500A895BA /* Debug */,
				7D43FBF0281FCD0500A895BA /* Release */,
			);
			defaultConfigurationIsVisible = 0;
			defaultConfigurationName = Release;
		};
/* End XCConfigurationList section */
	};
	rootObject = 7D43FBD2281FCD0200A895BA /* Project object */;
}
